// !$*UTF8*$!
{
	archiveVersion = 1;
	classes = {
	};
	objectVersion = 77;
	objects = {

/* Begin PBXBuildFile section */
		CEF87AC32EE23ED90068D3AC /* Nuke in Frameworks */ = {isa = PBXBuildFile; productRef = CEF87AC22EE23ED90068D3AC /* Nuke */; };
		CEF87AC52EE23ED90068D3AC /* NukeExtensions in Frameworks */ = {isa = PBXBuildFile; productRef = CEF87AC42EE23ED90068D3AC /* NukeExtensions */; };
		CEF87AC72EE23ED90068D3AC /* NukeUI in Frameworks */ = {isa = PBXBuildFile; productRef = CEF87AC62EE23ED90068D3AC /* NukeUI */; };
		CEF87AC92EE23ED90068D3AC /* NukeVideo in Frameworks */ = {isa = PBXBuildFile; productRef = CEF87AC82EE23ED90068D3AC /* NukeVideo */; };
/* End PBXBuildFile section */

/* Begin PBXContainerItemProxy section */
		CECEE480C5B042AD007454FC /* PBXContainerItemProxy */ = {
			isa = PBXContainerItemProxy;
			containerPortal = CEF87A812EE21A9F0068D3AC /* Project object */;
			proxyType = 1;
			remoteGlobalIDString = CEF87A882EE21A9F0068D3AC;
			remoteInfo = PrimefitTask;
		};
/* End PBXContainerItemProxy section */

/* Begin PBXFileReference section */
		CECEE47CC5B042AD007454FC /* PrimefitTaskTests.xctest */ = {isa = PBXFileReference; explicitFileType = wrapper.cfbundle; includeInIndex = 0; path = PrimefitTaskTests.xctest; sourceTree = BUILT_PRODUCTS_DIR; };
		CEF87A892EE21A9F0068D3AC /* PrimefitTask.app */ = {isa = PBXFileReference; explicitFileType = wrapper.application; includeInIndex = 0; path = PrimefitTask.app; sourceTree = BUILT_PRODUCTS_DIR; };
/* End PBXFileReference section */

/* Begin PBXFileSystemSynchronizedRootGroup section */
		CECEE47DC5B042AD007454FC /* PrimefitTaskTests */ = {
			isa = PBXFileSystemSynchronizedRootGroup;
			path = PrimefitTaskTests;
			sourceTree = "<group>";
		};
		CEF87A8B2EE21A9F0068D3AC /* PrimefitTask */ = {
			isa = PBXFileSystemSynchronizedRootGroup;
			path = PrimefitTask;
			sourceTree = "<group>";
		};
/* End PBXFileSystemSynchronizedRootGroup section */

/* Begin PBXFrameworksBuildPhase section */
		CECEE479C5B042AD007454FC /* Frameworks */ = {
			isa = PBXFrameworksBuildPhase;
			buildActionMask = 2147483647;
			files = (
			);
			runOnlyForDeploymentPostprocessing = 0;
		};
		CEF87A862EE21A9F0068D3AC /* Frameworks */ = {
			isa = PBXFrameworksBuildPhase;
			buildActionMask = 2147483647;
			files = (
				CEF87AC32EE23ED90068D3AC /* Nuke in Frameworks */,
				CEF87AC92EE23ED90068D3AC /* NukeVideo in Frameworks */,
				CEF87AC52EE23ED90068D3AC /* NukeExtensions in Frameworks */,
				CEF87AC72EE23ED90068D3AC /* NukeUI in Frameworks */,
			);
			runOnlyForDeploymentPostprocessing = 0;
		};
/* End PBXFrameworksBuildPhase section */

/* Begin PBXGroup section */
		CEF87A802EE21A9F0068D3AC = {
			isa = PBXGroup;
			children = (
				CEF87A8B2EE21A9F0068D3AC /* PrimefitTask */,
				CECEE47DC5B042AD007454FC /* PrimefitTaskTests */,
				CEF87A8A2EE21A9F0068D3AC /* Products */,
			);
			sourceTree = "<group>";
		};
		CEF87A8A2EE21A9F0068D3AC /* Products */ = {
			isa = PBXGroup;
			children = (
				CEF87A892EE21A9F0068D3AC /* PrimefitTask.app */,
				CECEE47CC5B042AD007454FC /* PrimefitTaskTests.xctest */,
			);
			name = Products;
			sourceTree = "<group>";
		};
/* End PBXGroup section */

/* Begin PBXNativeTarget section */
		CECEE47BC5B042AD007454FC /* PrimefitTaskTests */ = {
			isa = PBXNativeTarget;
			buildConfigurationList = CECEE482C5B042AD007454FC /* Build configuration list for PBXNativeTarget "PrimefitTaskTests" */;
			buildPhases = (
				CECEE478C5B042AD007454FC /* Sources */,
				CECEE479C5B042AD007454FC /* Frameworks */,
				CECEE47AC5B042AD007454FC /* Resources */,
			);
			buildRules = (
			);
			dependencies = (
				CECEE481C5B042AD007454FC /* PBXTargetDependency */,
			);
			fileSystemSynchronizedGroups = (
				CECEE47DC5B042AD007454FC /* PrimefitTaskTests */,
			);
			name = PrimefitTaskTests;
			packageProductDependencies = (
			);
			productName = PrimefitTaskTests;
			productReference = CECEE47CC5B042AD007454FC /* PrimefitTaskTests.xctest */;
			productType = "com.apple.product-type.bundle.unit-test";
		};
		CEF87A882EE21A9F0068D3AC /* PrimefitTask */ = {
			isa = PBXNativeTarget;
			buildConfigurationList = CEF87A972EE21AA40068D3AC /* Build configuration list for PBXNativeTarget "PrimefitTask" */;
			buildPhases = (
				CEF87A852EE21A9F0068D3AC /* Sources */,
				CEF87A862EE21A9F0068D3AC /* Frameworks */,
				CEF87A872EE21A9F0068D3AC /* Resources */,
				CEF87AD42EE39FCC0068D3AC /* ShellScript */,
			);
			buildRules = (
			);
			dependencies = (
			);
			fileSystemSynchronizedGroups = (
				CEF87A8B2EE21A9F0068D3AC /* PrimefitTask */,
			);
			name = PrimefitTask;
			packageProductDependencies = (
				CEF87AC22EE23ED90068D3AC /* Nuke */,
				CEF87AC42EE23ED90068D3AC /* NukeExtensions */,
				CEF87AC62EE23ED90068D3AC /* NukeUI */,
				CEF87AC82EE23ED90068D3AC /* NukeVideo */,
			);
			productName = PrimefitTask;
			productReference = CEF87A892EE21A9F0068D3AC /* PrimefitTask.app */;
			productType = "com.apple.product-type.application";
		};
/* End PBXNativeTarget section */

/* Begin PBXProject section */
		CEF87A812EE21A9F0068D3AC /* Project object */ = {
			isa = PBXProject;
			attributes = {
				BuildIndependentTargetsInParallel = 1;
				LastSwiftUpdateCheck = 1620;
				LastUpgradeCheck = 1620;
				TargetAttributes = {
					CECEE47BC5B042AD007454FC = {
						CreatedOnToolsVersion = 16.2;
						TestTargetID = CEF87A882EE21A9F0068D3AC;
					};
					CEF87A882EE21A9F0068D3AC = {
						CreatedOnToolsVersion = 16.2;
					};
				};
			};
			buildConfigurationList = CEF87A842EE21A9F0068D3AC /* Build configuration list for PBXProject "PrimefitTask" */;
			developmentRegion = en;
			hasScannedForEncodings = 0;
			knownRegions = (
				en,
				Base,
			);
			mainGroup = CEF87A802EE21A9F0068D3AC;
			minimizedProjectReferenceProxies = 1;
			packageReferences = (
				CEF87AC12EE23ED90068D3AC /* XCRemoteSwiftPackageReference "Nuke" */,
			);
			preferredProjectObjectVersion = 77;
			productRefGroup = CEF87A8A2EE21A9F0068D3AC /* Products */;
			projectDirPath = "";
			projectRoot = "";
			targets = (
				CEF87A882EE21A9F0068D3AC /* PrimefitTask */,
				CECEE47BC5B042AD007454FC /* PrimefitTaskTests */,
			);
		};
/* End PBXProject section */

/* Begin PBXResourcesBuildPhase section */
		CECEE47AC5B042AD007454FC /* Resources */ = {
			isa = PBXResourcesBuildPhase;
			buildActionMask = 2147483647;
			files = (
			);
			runOnlyForDeploymentPostprocessing = 0;
		};
		CEF87A872EE21A9F0068D3AC /* Resources */ = {
			isa = PBXResourcesBuildPhase;
			buildActionMask = 2147483647;
			files = (
			);
			runOnlyForDeploymentPostprocessing = 0;
		};
/* End PBXResourcesBuildPhase section */

/* Begin PBXShellScriptBuildPhase section */
		CEF87AD42EE39FCC0068D3AC /* ShellScript */ = {
			isa = PBXShellScriptBuildPhase;
			alwaysOutOfDate = 1;
			buildActionMask = 2147483647;
			files = (
			);
			inputFileListPaths = (
			);
			inputPaths = (
			);
			outputFileListPaths = (
			);
			outputPaths = (
			);
			runOnlyForDeploymentPostprocessing = 0;
			shellPath = /bin/sh;
			shellScript = "# Type a script or drag a script file from your workspace to insert its path.\nif [ -f \"${SRCROOT}/.swiftlint.yml\" ]; then\n  echo \"Running SwiftLint...\"\n  \"${PWD}/swiftlint\" lint --config \"${SRCROOT}/.swiftlint.yml\"\nelse\n  echo \"⚠️ No .swiftlint.yml file found at ${SRCROOT}/\"\nfi\n\n\n";
		};
/* End PBXShellScriptBuildPhase section */

/* Begin PBXSourcesBuildPhase section */
		CECEE478C5B042AD007454FC /* Sources */ = {
			isa = PBXSourcesBuildPhase;
			buildActionMask = 2147483647;
			files = (
			);
			runOnlyForDeploymentPostprocessing = 0;
		};
		CEF87A852EE21A9F0068D3AC /* Sources */ = {
			isa = PBXSourcesBuildPhase;
			buildActionMask = 2147483647;
			files = (
			);
			runOnlyForDeploymentPostprocessing = 0;
		};
/* End PBXSourcesBuildPhase section */

/* Begin PBXTargetDependency section */
		CECEE481C5B042AD007454FC /* PBXTargetDependency */ = {
			isa = PBXTargetDependency;
			target = CEF87A882EE21A9F0068D3AC /* PrimefitTask */;
			targetProxy = CECEE480C5B042AD007454FC /* PBXContainerItemProxy */;
		};
/* End PBXTargetDependency section */

/* Begin XCBuildConfiguration section */
		CECEE483C5B042AD007454FC /* Debug */ = {
			isa = XCBuildConfiguration;
			buildSettings = {
				BUNDLE_LOADER = "$(TEST_HOST)";
				CODE_SIGN_STYLE = Automatic;
				CURRENT_PROJECT_VERSION = 1;
				DEVELOPMENT_TEAM = FF63UVHKLS;
				GENERATE_INFOPLIST_FILE = YES;
				MARKETING_VERSION = 1.0;
				PRODUCT_BUNDLE_IDENTIFIER = com.asadsulemani.PrimefitTaskTests;
				PRODUCT_NAME = "$(TARGET_NAME)";
				SWIFT_EMIT_LOC_STRINGS = NO;
				SWIFT_VERSION = 5.0;
				TARGETED_DEVICE_FAMILY = "1,2";
				TEST_HOST = "$(BUILT_PRODUCTS_DIR)/PrimefitTask.app/$(BUNDLE_EXECUTABLE_FOLDER_PATH)/PrimefitTask";
			};
			name = Debug;
		};
		CECEE484C5B042AD007454FC /* Release */ = {
			isa = XCBuildConfiguration;
			buildSettings = {
				BUNDLE_LOADER = "$(TEST_HOST)";
				CODE_SIGN_STYLE = Automatic;
				CURRENT_PROJECT_VERSION = 1;
				DEVELOPMENT_TEAM = FF63UVHKLS;
				GENERATE_INFOPLIST_FILE = YES;
				MARKETING_VERSION = 1.0;
				PRODUCT_BUNDLE_IDENTIFIER = com.asadsulemani.PrimefitTaskTests;
				PRODUCT_NAME = "$(TARGET_NAME)";
				SWIFT_EMIT_LOC_STRINGS = NO;
				SWIFT_VERSION = 5.0;
				TARGETED_DEVICE_FAMILY = "1,2";
				TEST_HOST = "$(BUILT_PRODUCTS_DIR)/PrimefitTask.app/$(BUNDLE_EXECUTABLE_FOLDER_PATH)/PrimefitTask";
			};
			name = Release;
		};
		CEF87A952EE21AA40068D3AC /* Debug */ = {
			isa = XCBuildConfiguration;
			buildSettings = {
				ALWAYS_SEARCH_USER_PATHS = NO;
				ASSETCATALOG_COMPILER_GENERATE_SWIFT_ASSET_SYMBOL_EXTENSIONS = YES;
				CLANG_ANALYZER_NONNULL = YES;
				CLANG_ANALYZER_NUMBER_OBJECT_CONVERSION = YES_AGGRESSIVE;
				CLANG_CXX_LANGUAGE_STANDARD = "gnu++20";
				CLANG_ENABLE_MODULES = YES;
				CLANG_ENABLE_OBJC_ARC = YES;
				CLANG_ENABLE_OBJC_WEAK = YES;
				CLANG_WARN_BLOCK_CAPTURE_AUTORELEASING = YES;
				CLANG_WARN_BOOL_CONVERSION = YES;
				CLANG_WARN_COMMA = YES;
				CLANG_WARN_CONSTANT_CONVERSION = YES;
				CLANG_WARN_DEPRECATED_OBJC_IMPLEMENTATIONS = YES;
				CLANG_WARN_DIRECT_OBJC_ISA_USAGE = YES_ERROR;
				CLANG_WARN_DOCUMENTATION_COMMENTS = YES;
				CLANG_WARN_EMPTY_BODY = YES;
				CLANG_WARN_ENUM_CONVERSION = YES;
				CLANG_WARN_INFINITE_RECURSION = YES;
				CLANG_WARN_INT_CONVERSION = YES;
				CLANG_WARN_NON_LITERAL_NULL_CONVERSION = YES;
				CLANG_WARN_OBJC_IMPLICIT_RETAIN_SELF = YES;
				CLANG_WARN_OBJC_LITERAL_CONVERSION = YES;
				CLANG_WARN_OBJC_ROOT_CLASS = YES_ERROR;
				CLANG_WARN_QUOTED_INCLUDE_IN_FRAMEWORK_HEADER = YES;
				CLANG_WARN_RANGE_LOOP_ANALYSIS = YES;
				CLANG_WARN_STRICT_PROTOTYPES = YES;
				CLANG_WARN_SUSPICIOUS_MOVE = YES;
				CLANG_WARN_UNGUARDED_AVAILABILITY = YES_AGGRESSIVE;
				CLANG_WARN_UNREACHABLE_CODE = YES;
				CLANG_WARN__DUPLICATE_METHOD_MATCH = YES;
				COPY_PHASE_STRIP = NO;
				DEBUG_INFORMATION_FORMAT = dwarf;
				ENABLE_STRICT_OBJC_MSGSEND = YES;
				ENABLE_TESTABILITY = YES;
				ENABLE_USER_SCRIPT_SANDBOXING = YES;
				GCC_C_LANGUAGE_STANDARD = gnu17;
				GCC_DYNAMIC_NO_PIC = NO;
				GCC_NO_COMMON_BLOCKS = YES;
				GCC_OPTIMIZATION_LEVEL = 0;
				GCC_PREPROCESSOR_DEFINITIONS = (
					"DEBUG=1",
					"$(inherited)",
				);
				GCC_WARN_64_TO_32_BIT_CONVERSION = YES;
				GCC_WARN_ABOUT_RETURN_TYPE = YES_ERROR;
				GCC_WARN_UNDECLARED_SELECTOR = YES;
				GCC_WARN_UNINITIALIZED_AUTOS = YES_AGGRESSIVE;
				GCC_WARN_UNUSED_FUNCTION = YES;
				GCC_WARN_UNUSED_VARIABLE = YES;
				IPHONEOS_DEPLOYMENT_TARGET = 18.2;
				LOCALIZATION_PREFERS_STRING_CATALOGS = YES;
				MTL_ENABLE_DEBUG_INFO = INCLUDE_SOURCE;
				MTL_FAST_MATH = YES;
				ONLY_ACTIVE_ARCH = YES;
				SDKROOT = iphoneos;
				SWIFT_ACTIVE_COMPILATION_CONDITIONS = "DEBUG $(inherited)";
				SWIFT_OPTIMIZATION_LEVEL = "-Onone";
			};
			name = Debug;
		};
		CEF87A962EE21AA40068D3AC /* Release */ = {
			isa = XCBuildConfiguration;
			buildSettings = {
				ALWAYS_SEARCH_USER_PATHS = NO;
				ASSETCATALOG_COMPILER_GENERATE_SWIFT_ASSET_SYMBOL_EXTENSIONS = YES;
				CLANG_ANALYZER_NONNULL = YES;
				CLANG_ANALYZER_NUMBER_OBJECT_CONVERSION = YES_AGGRESSIVE;
				CLANG_CXX_LANGUAGE_STANDARD = "gnu++20";
				CLANG_ENABLE_MODULES = YES;
				CLANG_ENABLE_OBJC_ARC = YES;
				CLANG_ENABLE_OBJC_WEAK = YES;
				CLANG_WARN_BLOCK_CAPTURE_AUTORELEASING = YES;
				CLANG_WARN_BOOL_CONVERSION = YES;
				CLANG_WARN_COMMA = YES;
				CLANG_WARN_CONSTANT_CONVERSION = YES;
				CLANG_WARN_DEPRECATED_OBJC_IMPLEMENTATIONS = YES;
				CLANG_WARN_DIRECT_OBJC_ISA_USAGE = YES_ERROR;
				CLANG_WARN_DOCUMENTATION_COMMENTS = YES;
				CLANG_WARN_EMPTY_BODY = YES;
				CLANG_WARN_ENUM_CONVERSION = YES;
				CLANG_WARN_INFINITE_RECURSION = YES;
				CLANG_WARN_INT_CONVERSION = YES;
				CLANG_WARN_NON_LITERAL_NULL_CONVERSION = YES;
				CLANG_WARN_OBJC_IMPLICIT_RETAIN_SELF = YES;
				CLANG_WARN_OBJC_LITERAL_CONVERSION = YES;
				CLANG_WARN_OBJC_ROOT_CLASS = YES_ERROR;
				CLANG_WARN_QUOTED_INCLUDE_IN_FRAMEWORK_HEADER = YES;
				CLANG_WARN_RANGE_LOOP_ANALYSIS = YES;
				CLANG_WARN_STRICT_PROTOTYPES = YES;
				CLANG_WARN_SUSPICIOUS_MOVE = YES;
				CLANG_WARN_UNGUARDED_AVAILABILITY = YES_AGGRESSIVE;
				CLANG_WARN_UNREACHABLE_CODE = YES;
				CLANG_WARN__DUPLICATE_METHOD_MATCH = YES;
				COPY_PHASE_STRIP = NO;
				DEBUG_INFORMATION_FORMAT = "dwarf-with-dsym";
				ENABLE_NS_ASSERTIONS = NO;
				ENABLE_STRICT_OBJC_MSGSEND = YES;
				ENABLE_USER_SCRIPT_SANDBOXING = YES;
				GCC_C_LANGUAGE_STANDARD = gnu17;
				GCC_NO_COMMON_BLOCKS = YES;
				GCC_WARN_64_TO_32_BIT_CONVERSION = YES;
				GCC_WARN_ABOUT_RETURN_TYPE = YES_ERROR;
				GCC_WARN_UNDECLARED_SELECTOR = YES;
				GCC_WARN_UNINITIALIZED_AUTOS = YES_AGGRESSIVE;
				GCC_WARN_UNUSED_FUNCTION = YES;
				GCC_WARN_UNUSED_VARIABLE = YES;
				IPHONEOS_DEPLOYMENT_TARGET = 18.2;
				LOCALIZATION_PREFERS_STRING_CATALOGS = YES;
				MTL_ENABLE_DEBUG_INFO = NO;
				MTL_FAST_MATH = YES;
				SDKROOT = iphoneos;
				SWIFT_COMPILATION_MODE = wholemodule;
				VALIDATE_PRODUCT = YES;
			};
			name = Release;
		};
		CEF87A982EE21AA40068D3AC /* Debug */ = {
			isa = XCBuildConfiguration;
			buildSettings = {
				ASSETCATALOG_COMPILER_APPICON_NAME = AppIcon;
				ASSETCATALOG_COMPILER_GLOBAL_ACCENT_COLOR_NAME = AccentColor;
				CODE_SIGN_STYLE = Automatic;
				CURRENT_PROJECT_VERSION = 1;
				DEVELOPMENT_ASSET_PATHS = "\"PrimefitTask/Preview Content\"";
				DEVELOPMENT_TEAM = FF63UVHKLS;
				ENABLE_PREVIEWS = YES;
				GENERATE_INFOPLIST_FILE = YES;
				INFOPLIST_KEY_UIApplicationSceneManifest_Generation = YES;
				INFOPLIST_KEY_UIApplicationSupportsIndirectInputEvents = YES;
				INFOPLIST_KEY_UILaunchScreen_Generation = YES;
				INFOPLIST_KEY_UISupportedInterfaceOrientations = UIInterfaceOrientationPortrait;
				LD_RUNPATH_SEARCH_PATHS = (
					"$(inherited)",
					"@executable_path/Frameworks",
				);
				MARKETING_VERSION = 1.0;
				PRODUCT_BUNDLE_IDENTIFIER = com.asadsulemani.PrimefitTask;
				PRODUCT_NAME = "$(TARGET_NAME)";
				SWIFT_EMIT_LOC_STRINGS = YES;
				SWIFT_VERSION = 5.0;
				TARGETED_DEVICE_FAMILY = "1,2";
			};
			name = Debug;
		};
		CEF87A992EE21AA40068D3AC /* Release */ = {
			isa = XCBuildConfiguration;
			buildSettings = {
				ASSETCATALOG_COMPILER_APPICON_NAME = AppIcon;
				ASSETCATALOG_COMPILER_GLOBAL_ACCENT_COLOR_NAME = AccentColor;
				CODE_SIGN_STYLE = Automatic;
				CURRENT_PROJECT_VERSION = 1;
				DEVELOPMENT_ASSET_PATHS = "\"PrimefitTask/Preview Content\"";
				DEVELOPMENT_TEAM = FF63UVHKLS;
				ENABLE_PREVIEWS = YES;
				GENERATE_INFOPLIST_FILE = YES;
				INFOPLIST_KEY_UIApplicationSceneManifest_Generation = YES;
				INFOPLIST_KEY_UIApplicationSupportsIndirectInputEvents = YES;
				INFOPLIST_KEY_UILaunchScreen_Generation = YES;
				INFOPLIST_KEY_UISupportedInterfaceOrientations = UIInterfaceOrientationPortrait;
				LD_RUNPATH_SEARCH_PATHS = (
					"$(inherited)",
					"@executable_path/Frameworks",
				);
				MARKETING_VERSION = 1.0;
				PRODUCT_BUNDLE_IDENTIFIER = com.asadsulemani.PrimefitTask;
				PRODUCT_NAME = "$(TARGET_NAME)";
				SWIFT_EMIT_LOC_STRINGS = YES;
				SWIFT_VERSION = 5.0;
				TARGETED_DEVICE_FAMILY = "1,2";
			};
			name = Release;
		};
/* End XCBuildConfiguration section */

/* Begin XCConfigurationList section */
		CECEE482C5B042AD007454FC /* Build configuration list for PBXNativeTarget "PrimefitTaskTests" */ = {
			isa = XCConfigurationList;
			buildConfigurations = (
				CECEE483C5B042AD007454FC /* Debug */,
				CECEE484C5B042AD007454FC /* Release */,
			);
			defaultConfigurationIsVisible = 0;
			defaultConfigurationName = Release;
		};
		CEF87A842EE21A9F0068D3AC /* Build configuration list for PBXProject "PrimefitTask" */ = {
			isa = XCConfigurationList;
			buildConfigurations = (
				CEF87A952EE21AA40068D3AC /* Debug */,
				CEF87A962EE21AA40068D3AC /* Release */,
			);
			defaultConfigurationIsVisible = 0;
			defaultConfigurationName = Release;
		};
		CEF87A972EE21AA40068D3AC /* Build configuration list for PBXNativeTarget "PrimefitTask" */ = {
			isa = XCConfigurationList;
			buildConfigurations = (
				CEF87A982EE21AA40068D3AC /* Debug */,
				CEF87A992EE21AA40068D3AC /* Release */,
			);
			defaultConfigurationIsVisible = 0;
			defaultConfigurationName = Release;
		};
/* End XCConfigurationList section */

/* Begin XCRemoteSwiftPackageReference section */
		CEF87AC12EE23ED90068D3AC /* XCRemoteSwiftPackageReference "Nuke" */ = {
			isa = XCRemoteSwiftPackageReference;
			repositoryURL = "https://github.com/kean/Nuke.git";
			requirement = {
				kind = upToNextMajorVersion;
				minimumVersion = 12.8.0;
			};
		};
/* End XCRemoteSwiftPackageReference section */

/* Begin XCSwiftPackageProductDependency section */
		CEF87AC22EE23ED90068D3AC /* Nuke */ = {
			isa = XCSwiftPackageProductDependency;
			package = CEF87AC12EE23ED90068D3AC /* XCRemoteSwiftPackageReference "Nuke" */;
			productName = Nuke;
		};
		CEF87AC42EE23ED90068D3AC /* NukeExtensions */ = {
			isa = XCSwiftPackageProductDependency;
			package = CEF87AC12EE23ED90068D3AC /* XCRemoteSwiftPackageReference "Nuke" */;
			productName = NukeExtensions;
		};
		CEF87AC62EE23ED90068D3AC /* NukeUI */ = {
			isa = XCSwiftPackageProductDependency;
			package = CEF87AC12EE23ED90068D3AC /* XCRemoteSwiftPackageReference "Nuke" */;
			productName = NukeUI;
		};
		CEF87AC82EE23ED90068D3AC /* NukeVideo */ = {
			isa = XCSwiftPackageProductDependency;
			package = CEF87AC12EE23ED90068D3AC /* XCRemoteSwiftPackageReference "Nuke" */;
			productName = NukeVideo;
		};
/* End XCSwiftPackageProductDependency section */
	};
	rootObject = CEF87A812EE21A9F0068D3AC /* Project object */;
}
